
Microsoft Visual Studio Solution File, Format Version 12.00
# Visual Studio Version 17
VisualStudioVersion = 17.0.32126.317
MinimumVisualStudioVersion = 10.0.40219.1
Project("{FAE04EC0-301F-11D3-BF4B-00C04F79EFBC}") = "Class01Github", "Class01Github\Class01Github.csproj", "{71307883-0E9D-4727-95B4-6418EC87EE46}"
EndProject
Global
	GlobalSection(SolutionConfigurationPlatforms) = preSolution
		Debug|Any CPU = Debug|Any CPU
		Release|Any CPU = Release|Any CPU
	EndGlobalSection
	GlobalSection(ProjectConfigurationPlatforms) = postSolution
		{71307883-0E9D-4727-95B4-6418EC87EE46}.Debug|Any CPU.ActiveCfg = Debug|Any CPU
		{71307883-0E9D-4727-95B4-6418EC87EE46}.Debug|Any CPU.Build.0 = Debug|Any CPU
		{71307883-0E9D-4727-95B4-6418EC87EE46}.Release|Any CPU.ActiveCfg = Release|Any CPU
		{71307883-0E9D-4727-95B4-6418EC87EE46}.Release|Any CPU.Build.0 = Release|Any CPU
	EndGlobalSection
	GlobalSection(SolutionProperties) = preSolution
		HideSolutionNode = FALSE
	EndGlobalSection
	GlobalSection(ExtensibilityGlobals) = postSolution
		SolutionGuid = {7E63C9FE-EEC4-4344-A9F7-770CDAA1C1D1}
	EndGlobalSection
EndGlobal
